{
  "name": "front_end",
  "lockfileVersion": 2,
  "requires": true,
  "packages": {
    "": {
      "dependencies": {
        "smap-responsive": "^1.2.10"
      }
    },
    "node_modules/smap-responsive": {
      "version": "1.2.10",
      "resolved": "https://registry.npmjs.org/smap-responsive/-/smap-responsive-1.2.10.tgz",
      "integrity": "sha512-x+neeBz01oibdktSJenb1tkwy+m7406B0bAgwVBSz8f7JhTLRWRfNucrVwbdwVn4GGKw2PODA5O+hPXchyCU9w=="
    }
  },
  "dependencies": {
    "smap-responsive": {
      "version": "1.2.10",
      "resolved": "https://registry.npmjs.org/smap-responsive/-/smap-responsive-1.2.10.tgz",
      "integrity": "sha512-x+neeBz01oibdktSJenb1tkwy+m7406B0bAgwVBSz8f7JhTLRWRfNucrVwbdwVn4GGKw2PODA5O+hPXchyCU9w=="
    }
  }
}
